# This file is automatically @generated by Poetry 2.2.1 and should not be changed by hand.

[[package]]
name = "aiohttp"
version = "2.3.1"
description = "Async http client/server framework (asyncio)"
optional = false
python-versions = "*"
groups = ["main"]
files = [
    {file = "aiohttp-2.3.1-cp34-cp34m-macosx_10_10_x86_64.whl", hash = "sha256:078e1b47799c04ebf2847da5dd64481aea51c358b3546aa52a30ebb142036f93"},
    {file = "aiohttp-2.3.1-cp34-cp34m-macosx_10_11_x86_64.whl", hash = "sha256:6b3a04457ef7477456719179b558dbe74a604c5f1381c31a8609e21c7d769ff0"},
    {file = "aiohttp-2.3.1-cp34-cp34m-macosx_10_12_x86_64.whl", hash = "sha256:2345cd90aad4a9670edc76930a1b19d7771138c2f711093eb4a1e7fbda55486b"},
    {file = "aiohttp-2.3.1-cp34-cp34m-manylinux1_i686.whl", hash = "sha256:3a21dac27dd56c5087b7380ca81544f84b2600b18df07ccecd53fb4c3f50b29c"},
    {file = "aiohttp-2.3.1-cp34-cp34m-manylinux1_x86_64.whl", hash = "sha256:cf89f42dcdf8c31f0ec69c674afaf16511cb8d7c76067aab0642bd521c88bda5"},
    {file = "aiohttp-2.3.1-cp34-cp34m-win32.whl", hash = "sha256:9ed7dcd2c4e930c2af5d1cc270e97fcd90af73f0936fd9513d4165f2c9bb6a3e"},
    {file = "aiohttp-2.3.1-cp34-cp34m-win_amd64.whl", hash = "sha256:892881fdba7a2b8a8f5da8f74d36e7280043b6373f9194dddae1a6ad55f09bbb"},
    {file = "aiohttp-2.3.1-cp35-cp35m-macosx_10_10_x86_64.whl", hash = "sha256:cd004e4fef3c8737ab15b296ea639a1b4f4bc4e18f9f0d8eb9bfed9425d2eb71"},
    {file = "aiohttp-2.3.1-cp35-cp35m-macosx_10_11_x86_64.whl", hash = "sha256:d81a711c888399511f76e3b3fc6473e9c467e0978d1c03e315d92bfd0cf1b817"},
    {file = "aiohttp-2.3.1-cp35-cp35m-macosx_10_12_x86_64.whl", hash = "sha256:f2dd961ab8e7033bb966458eaa4707338ec1ec41b553bbdc61920f3746c06a52"},
    {file = "aiohttp-2.3.1-cp35-cp35m-manylinux1_i686.whl", hash = "sha256:b34ef58ef0dfb3db17b9261904849ecbf2f2376ec6e1dbc25b282612d0446651"},
    {file = "aiohttp-2.3.1-cp35-cp35m-manylinux1_x86_64.whl", hash = "sha256:29d215f084b743ccbd19fb575cbd3eff1357c7611e0a8a22093e348f2227848a"},
    {file = "aiohttp-2.3.1-cp35-cp35m-win32.whl", hash = "sha256:bce9f418782789757537657010b2d7b2a7fb5a8171eff206531f248c41617e32"},
    {file = "aiohttp-2.3.1-cp35-cp35m-win_amd64.whl", hash = "sha256:ed795ac9548747b04eaf04f6bf4589341556f93aad9ae0016e42f9a47d0e2ffa"},
    {file = "aiohttp-2.3.1-cp36-cp36m-macosx_10_10_x86_64.whl", hash = "sha256:d90b33372b12aecdd62ca83b00f384dd5e7f29d1c613ad89d0861515e633a2eb"},
    {file = "aiohttp-2.3.1-cp36-cp36m-macosx_10_11_x86_64.whl", hash = "sha256:5f7a6bf226b7a3ac9bb7c08ba3fe2e8a5418fd9472e5099f275d8258055bbc2a"},
    {file = "aiohttp-2.3.1-cp36-cp36m-macosx_10_12_x86_64.whl", hash = "sha256:900584dbf8abe851007f155ab9d52466bd6f281cc749f43f86b8f9c1adf3e4e3"},
    {file = "aiohttp-2.3.1-cp36-cp36m-manylinux1_i686.whl", hash = "sha256:daf8d56b9c7b5ca553ed23c5559a9489d5acb919c20321ccf8145822fc9dc366"},
    {file = "aiohttp-2.3.1-cp36-cp36m-manylinux1_x86_64.whl", hash = "sha256:f5266fce1990a289c7caa092c6e60d9c5162fa204c338748e5164e67c3a77e4b"},
    {file = "aiohttp-2.3.1-cp36-cp36m-win32.whl", hash = "sha256:14aba6a4c9d3bfcd570c43c7b203837e426459d0e1df5525d50cfb17c1a70bc0"},
    {file = "aiohttp-2.3.1-cp36-cp36m-win_amd64.whl", hash = "sha256:6ad91bc57d89c0a4e66a74fdc29b9805bed32b21ba7e2e1b4f51bda68fe264eb"},
    {file = "aiohttp-2.3.1.tar.gz", hash = "sha256:04f58bbcc9ae6f9aec30b9219ae47fa3c31586c77679405720545738ea62236e"},
]

[package.dependencies]
async-timeout = ">=1.2.0"
chardet = "*"
multidict = ">=3.0.0"
yarl = ">=0.11"

[[package]]
name = "appdirs"
version = "1.4.4"
description = "A small Python module for determining appropriate platform-specific dirs, e.g. a \"user data dir\"."
optional = false
python-versions = "*"
groups = ["main"]
files = [
    {file = "appdirs-1.4.4-py2.py3-none-any.whl", hash = "sha256:a841dacd6b99318a741b166adb07e19ee71a274450e68237b4650ca1055ab128"},
    {file = "appdirs-1.4.4.tar.gz", hash = "sha256:7d5d0167b2b1ba821647616af46a749d1c653740dd0d2415100fe26e27afdf41"},
]

[[package]]
name = "appnope"
version = "0.1.3"
description = "Disable App Nap on macOS >= 10.9"
optional = false
python-versions = "*"
groups = ["main"]
markers = "sys_platform == \"darwin\""
files = [
    {file = "appnope-0.1.3-py2.py3-none-any.whl", hash = "sha256:265a455292d0bd8a72453494fa24df5a11eb18373a60c7c0430889f22548605e"},
    {file = "appnope-0.1.3.tar.gz", hash = "sha256:02bd91c4de869fbb1e1c50aafc4098827a7a54ab2f39d9dcba6c9547ed920e24"},
]

[[package]]
name = "async-timeout"
version = "2.0.1"
description = "Timeout context manager for asyncio programs"
optional = false
python-versions = "*"
groups = ["main"]
files = [
    {file = "async-timeout-2.0.1.tar.gz", hash = "sha256:00cff4d2dce744607335cba84e9929c3165632da2d27970dbc55802a0c7873d0"},
    {file = "async_timeout-2.0.1-py3-none-any.whl", hash = "sha256:9093db5b8ddbe4b8f6885d1a6e0ad84ae3155464cbf6877c387605244c285f3c"},
]

[[package]]
name = "backports-functools-lru-cache"
version = "1.6.6"
description = "Backport of functools.lru_cache"
optional = false
python-versions = ">=2.6"
groups = ["main"]
markers = "python_version == \"2.7\""
files = [
    {file = "backports.functools_lru_cache-1.6.6-py2.py3-none-any.whl", hash = "sha256:77e27d0ffbb463904bdd5ef8b44363f6cd5ef503e664b3f599a3bf5843ed37cf"},
    {file = "backports.functools_lru_cache-1.6.6.tar.gz", hash = "sha256:7b70e701ba4db58c0ed8671a9d3391b0abb9bd1bc24d4e90c3480f4baafcc2dc"},
]

[package.extras]
docs = ["furo", "jaraco.packaging (>=9.3)", "jaraco.tidelift (>=1.4)", "rst.linker (>=1.9)", "sphinx (>=3.5)", "sphinx-lint"]
testing = ["pytest (>=6)", "pytest-black (>=0.3.7) ; platform_python_implementation != \"PyPy\"", "pytest-checkdocs (>=2.4)", "pytest-cov", "pytest-enabler (>=2.2)", "pytest-mypy (>=0.9.1) ; platform_python_implementation != \"PyPy\"", "pytest-ruff"]

[[package]]
name = "backports-shutil-get-terminal-size"
version = "1.0.0"
description = "A backport of the get_terminal_size function from Python 3.3's shutil."
optional = false
python-versions = "*"
groups = ["main"]
markers = "python_version == \"2.7\""
files = [
    {file = "backports.shutil_get_terminal_size-1.0.0-py2.py3-none-any.whl", hash = "sha256:0975ba55054c15e346944b38956a4c9cbee9009391e41b86c68990effb8c1f64"},
    {file = "backports.shutil_get_terminal_size-1.0.0.tar.gz", hash = "sha256:713e7a8228ae80341c70586d1cc0a8caa5207346927e23d09dcbcaf18eadec80"},
]

[[package]]
name = "chardet"
version = "3.0.4"
description = "Universal encoding detector for Python 2 and 3"
optional = false
python-versions = "*"
groups = ["main"]
files = [
    {file = "chardet-3.0.4-py2.py3-none-any.whl", hash = "sha256:fc323ffcaeaed0e0a02bf4d117757b98aed530d9ed4531e3e15460124c106691"},
    {file = "chardet-3.0.4.tar.gz", hash = "sha256:84ab92ed1c4d4f16916e05906b6b75a6c0fb5db821cc65e70cbd64a3e2a5eaae"},
]

[[package]]
name = "colorama"
version = "0.4.1"
description = "Cross-platform colored terminal text."
optional = false
python-versions = ">=2.7, !=3.0.*, !=3.1.*, !=3.2.*, !=3.3.*"
groups = ["main"]
markers = "sys_platform == \"win32\""
files = [
    {file = "colorama-0.4.1-py2.py3-none-any.whl", hash = "sha256:f8ac84de7840f5b9c4e3347b3c1eaa50f7e49c2b07596221daec5edaabbd7c48"},
    {file = "colorama-0.4.1.tar.gz", hash = "sha256:05eed71e2e327246ad6b38c540c4a3117230b19679b875190486ddd2d721422d"},
]

[[package]]
name = "decorator"
version = "4.4.2"
description = "Decorators for Humans"
optional = false
python-versions = ">=2.6, !=3.0.*, !=3.1.*"
groups = ["main"]
files = [
    {file = "decorator-4.4.2-py2.py3-none-any.whl", hash = "sha256:41fa54c2a0cc4ba648be4fd43cff00aedf5b9465c9bf18d64325bc225f08f760"},
    {file = "decorator-4.4.2.tar.gz", hash = "sha256:e3a62f0520172440ca0dcc823749319382e377f37f140a0b99ef45fecb84bfe7"},
]

[[package]]
name = "enum34"
version = "1.1.10"
description = "Python 3.4 Enum backported to 3.3, 3.2, 3.1, 2.7, 2.6, 2.5, and 2.4"
optional = false
python-versions = "*"
groups = ["main"]
markers = "python_version == \"2.7\""
files = [
    {file = "enum34-1.1.10-py2-none-any.whl", hash = "sha256:a98a201d6de3f2ab3db284e70a33b0f896fbf35f8086594e8c9e74b909058d53"},
    {file = "enum34-1.1.10-py3-none-any.whl", hash = "sha256:c3858660960c984d6ab0ebad691265180da2b43f07e061c0f8dca9ef3cffd328"},
    {file = "enum34-1.1.10.tar.gz", hash = "sha256:cce6a7477ed816bd2542d03d53db9f0db935dd013b70f336a95c73979289f248"},
]

[[package]]
name = "idna"
version = "2.10"
description = "Internationalized Domain Names in Applications (IDNA)"
optional = false
python-versions = ">=2.7, !=3.0.*, !=3.1.*, !=3.2.*, !=3.3.*"
groups = ["main"]
files = [
    {file = "idna-2.10-py2.py3-none-any.whl", hash = "sha256:b97d804b1e9b523befed77c48dacec60e6dcb0b5391d57af6a65a312a90648c0"},
    {file = "idna-2.10.tar.gz", hash = "sha256:b307872f855b18632ce0c21c5e45be78c0ea7ae4c15c828c20788b26921eb3f6"},
]

[[package]]
name = "ipython"
version = "5.10.0"
description = "IPython: Productive Interactive Computing"
optional = false
python-versions = "*"
groups = ["main"]
files = [
    {file = "ipython-5.10.0-py2-none-any.whl", hash = "sha256:68eb2d70595ea5c3f9f5f8f562c9119e86b0f84de3e5d23407a142cb2a73ba11"},
    {file = "ipython-5.10.0-py3-none-any.whl", hash = "sha256:c58f6aabf833393babf321bc88091a53b861cbd2eff3588dabfc710e2e1cddaf"},
    {file = "ipython-5.10.0.tar.gz", hash = "sha256:d1f9e2d02bb0900ddef7b6af114aca3a5cf3dc43b9de1f19d37c4aedbc724fee"},
]

[package.dependencies]
appnope = {version = "*", markers = "sys_platform == \"darwin\""}
"backports.shutil-get-terminal-size" = {version = "*", markers = "python_version == \"2.7\""}
colorama = {version = "*", markers = "sys_platform == \"win32\""}
decorator = "*"
pathlib2 = {version = "*", markers = "python_version == \"2.7\" or python_version == \"3.3\""}
pexpect = {version = "*", markers = "sys_platform != \"win32\""}
pickleshare = "*"
prompt-toolkit = ">=1.0.4,<2.0.0"
pygments = "<2.6"
setuptools = ">=18.5"
simplegeneric = ">0.8"
traitlets = ">=4.2"
win-unicode-console = {version = ">=0.5", markers = "sys_platform == \"win32\" and python_version < \"3.6\""}

[package.extras]
all = ["Sphinx (>=1.3)", "ipykernel", "ipyparallel", "ipywidgets", "nbconvert", "nbformat", "nose (>=0.10.1)", "notebook", "pygments (<2.6)", "qtconsole", "requests", "testpath"]
doc = ["Sphinx (>=1.3)"]
kernel = ["ipykernel"]
nbconvert = ["nbconvert"]
nbformat = ["nbformat"]
notebook = ["ipywidgets", "notebook"]
parallel = ["ipyparallel"]
qtconsole = ["qtconsole"]
test = ["ipykernel", "mock ; python_version == \"2.7\"", "nbformat", "nose (>=0.10.1)", "numpy ; python_version >= \"3.4\"", "pygments (<2.6)", "requests", "testpath"]

[[package]]
name = "ipython-genutils"
version = "0.2.0"
description = "Vestigial utilities from IPython"
optional = false
python-versions = "*"
groups = ["main"]
files = [
    {file = "ipython_genutils-0.2.0-py2.py3-none-any.whl", hash = "sha256:72dd37233799e619666c9f639a9da83c34013a73e8bbc79a7a6348d93c61fab8"},
    {file = "ipython_genutils-0.2.0.tar.gz", hash = "sha256:eb2e116e75ecef9d4d228fdc66af54269afa26ab4463042e33785b887c628ba8"},
]

[[package]]
name = "multidict"
version = "3.3.1"
description = "multidict implementation"
optional = false
python-versions = "*"
groups = ["main"]
files = [
    {file = "multidict-3.3.1-cp34-cp34m-macosx_10_10_x86_64.whl", hash = "sha256:4a328b216e324e15abc1735f513dd345a31e8b2d09e6f0e4a34000f1e963d85b"},
    {file = "multidict-3.3.1-cp34-cp34m-macosx_10_11_x86_64.whl", hash = "sha256:2034bde19e67907bf554e4612e2de34be93c43ab21d4ae47279824f3525c40fd"},
    {file = "multidict-3.3.1-cp34-cp34m-macosx_10_12_x86_64.whl", hash = "sha256:d1d2f4d02e346bfdac911e1c105438e6405bf4f5f847f047c573ce071818f9f0"},
    {file = "multidict-3.3.1-cp34-cp34m-manylinux1_i686.whl", hash = "sha256:15b5ce5320eacad3ddd98c3437f696c6059fa2a0c5312727338fd2f9046aab0a"},
    {file = "multidict-3.3.1-cp34-cp34m-manylinux1_x86_64.whl", hash = "sha256:25ddd2a5ca2c4e3c234d4b702be70a60561a1efadad63b6890c30a87c5536b84"},
    {file = "multidict-3.3.1-cp34-cp34m-win32.whl", hash = "sha256:109b0f531d8a6071b6a109a6fc762baeaddad4a38c8abb3d5a69b90b909f4f6c"},
    {file = "multidict-3.3.1-cp34-cp34m-win_amd64.whl", hash = "sha256:653a8cdfd950d85e683d359a92b12bb901127e2c5649adb2b992d356056adae3"},
    {file = "multidict-3.3.1-cp35-cp35m-macosx_10_10_x86_64.whl", hash = "sha256:fbcdaf438ab63851dad8bdc85f137b4101ad0a1e8a18919ebf88eaacdbda2f5f"},
    {file = "multidict-3.3.1-cp35-cp35m-macosx_10_11_x86_64.whl", hash = "sha256:8085768567f1b17714cf8d7b7ff4f991b9eb03a56c1e5e3e5a7f9043cb4dab52"},
    {file = "multidict-3.3.1-cp35-cp35m-macosx_10_12_x86_64.whl", hash = "sha256:f44cf3d40a6a26aa2ce3e3ecabeb5459fd4c29becff064e6e546fff8cfde7e78"},
    {file = "multidict-3.3.1-cp35-cp35m-manylinux1_i686.whl", hash = "sha256:b3b84c79d8cb8db525971e0c489d91fb3cbc30ff8195df8ff281c8c02b9faca0"},
    {file = "multidict-3.3.1-cp35-cp35m-manylinux1_x86_64.whl", hash = "sha256:d398fcda80b8a4509cc56f48208ff748694cfcfe66c0fec0dced8aa725500991"},
    {file = "multidict-3.3.1-cp35-cp35m-win32.whl", hash = "sha256:ba2cd5528c46d10e0405340bab8add78cde1afff9a5f7c04fd3d6da6105b5a54"},
    {file = "multidict-3.3.1-cp35-cp35m-win_amd64.whl", hash = "sha256:ed1b732c912b9ed625822a33ac4a7f2411bfaa0fac40a08cdbc90bbbe943f5bb"},
    {file = "multidict-3.3.1-cp36-cp36m-macosx_10_10_x86_64.whl", hash = "sha256:33c2c4016e6caf9dfbb4cc821944f11711dd1d1ab54fbc49a2a06f491b8f8dea"},
    {file = "multidict-3.3.1-cp36-cp36m-macosx_10_11_x86_64.whl", hash = "sha256:e1af9a3fd26cabe5eab6acd193658fd44ac08701951eaa2f58d2f5e2b2a28e24"},
    {file = "multidict-3.3.1-cp36-cp36m-macosx_10_12_x86_64.whl", hash = "sha256:fa9166ad83f990c9c4a8aaf438017f8ece3d4d82a93167283d5aae3460bcdeb9"},
    {file = "multidict-3.3.1-cp36-cp36m-manylinux1_i686.whl", hash = "sha256:1f311908a749f341c3b0adb348231a4530f054c5cec28935dcfda5f9c93937be"},
    {file = "multidict-3.3.1-cp36-cp36m-manylinux1_x86_64.whl", hash = "sha256:35c72678176d8ffe736f85fc0fe2c6241fde79cb2ef765de67a940706f4ab7be"},
    {file = "multidict-3.3.1-cp36-cp36m-win32.whl", hash = "sha256:630032d10e11df92d53acafb07985967fbd32f634c9ca0b3d81807c24711426b"},
    {file = "multidict-3.3.1-cp36-cp36m-win_amd64.whl", hash = "sha256:4d6ab5a9bb5a50dbec6af871e565fd77ba38609bb6075787d9f50039549f2e5a"},
    {file = "multidict-3.3.1.tar.gz", hash = "sha256:c926066aab40f2cdc834f481f6ada0b1a4fdb486565182dfe3ce7679d52d125a"},
]

[[package]]
name = "odrive"
version = "0.6.10.post0"
description = "Control utilities for the ODrive high performance motor controller"
optional = false
python-versions = "*"
groups = ["main"]
files = [
    {file = "odrive-0.6.10.post0-py37-none-macosx_12_0_arm64.whl", hash = "sha256:28909c265183fc846e5da0706a9fdd481ba95099aeea66b49f88836455aa50f9"},
    {file = "odrive-0.6.10.post0-py37-none-macosx_12_0_x86_64.whl", hash = "sha256:9066d93b7c03f74921d3544f9a706b485fa819d4063fdf39b689f2d90f3b69b1"},
    {file = "odrive-0.6.10.post0-py37-none-manylinux_2_28_aarch64.whl", hash = "sha256:4104c61a33eaa9bb3e5befbb29de717e0fcab6028d77c40e2a55c076ee3e0de8"},
    {file = "odrive-0.6.10.post0-py37-none-manylinux_2_28_x86_64.whl", hash = "sha256:a20f0aa7fd96745a867717ff5eeaffd224b899a7bcb5e3a7a3815d1bfd05853f"},
    {file = "odrive-0.6.10.post0-py37-none-win_amd64.whl", hash = "sha256:75e9d363b7ae4150376531c20967b73f0d7d7696db04142aa0d7401d1c3aa619"},
]

[package.dependencies]
aiohttp = "*"
appdirs = "*"
ipython = "*"
setuptools = "*"

[package.extras]
legacy-dfu = ["PyUSB", "pyelftools"]
liveplotter = ["matplotlib"]

[[package]]
name = "pathlib2"
version = "2.3.7.post1"
description = "Object-oriented filesystem paths"
optional = false
python-versions = "*"
groups = ["main"]
markers = "python_version == \"2.7\""
files = [
    {file = "pathlib2-2.3.7.post1-py2.py3-none-any.whl", hash = "sha256:5266a0fd000452f1b3467d782f079a4343c63aaa119221fbdc4e39577489ca5b"},
    {file = "pathlib2-2.3.7.post1.tar.gz", hash = "sha256:9fe0edad898b83c0c3e199c842b27ed216645d2e177757b2dd67384d4113c641"},
]

[package.dependencies]
scandir = {version = "*", markers = "python_version < \"3.5\""}
six = "*"
typing = {version = "*", markers = "python_version < \"3.5\""}

[[package]]
name = "pexpect"
version = "4.9.0"
description = "Pexpect allows easy control of interactive console applications."
optional = false
python-versions = "*"
groups = ["main"]
markers = "sys_platform != \"win32\""
files = [
    {file = "pexpect-4.9.0-py2.py3-none-any.whl", hash = "sha256:7236d1e080e4936be2dc3e326cec0af72acf9212a7e1d060210e70a47e253523"},
    {file = "pexpect-4.9.0.tar.gz", hash = "sha256:ee7d41123f3c9911050ea2c2dac107568dc43b2d3b0c7557a33212c398ead30f"},
]

[package.dependencies]
ptyprocess = ">=0.5"

[[package]]
name = "pickleshare"
version = "0.7.5"
description = "Tiny 'shelve'-like database with concurrency support"
optional = false
python-versions = "*"
groups = ["main"]
files = [
    {file = "pickleshare-0.7.5-py2.py3-none-any.whl", hash = "sha256:9649af414d74d4df115d5d718f82acb59c9d418196b7b4290ed47a12ce62df56"},
    {file = "pickleshare-0.7.5.tar.gz", hash = "sha256:87683d47965c1da65cdacaf31c8441d12b8044cdec9aca500cd78fc2c683afca"},
]

[package.dependencies]
pathlib2 = {version = "*", markers = "python_version in \"2.6 2.7 3.2 3.3\""}

[[package]]
name = "prompt-toolkit"
version = "1.0.18"
description = "Library for building powerful interactive command lines in Python"
optional = false
python-versions = "*"
groups = ["main"]
files = [
    {file = "prompt_toolkit-1.0.18-py2-none-any.whl", hash = "sha256:f7eec66105baf40eda9ab026cd8b2e251337eea8d111196695d82e0c5f0af852"},
    {file = "prompt_toolkit-1.0.18-py3-none-any.whl", hash = "sha256:37925b37a4af1f6448c76b7606e0285f79f434ad246dda007a27411cca730c6d"},
    {file = "prompt_toolkit-1.0.18.tar.gz", hash = "sha256:dd4fca02c8069497ad931a2d09914c6b0d1b50151ce876bc15bde4c747090126"},
]

[package.dependencies]
six = ">=1.9.0"
wcwidth = "*"

[[package]]
name = "ptyprocess"
version = "0.7.0"
description = "Run a subprocess in a pseudo terminal"
optional = false
python-versions = "*"
groups = ["main"]
markers = "sys_platform != \"win32\""
files = [
    {file = "ptyprocess-0.7.0-py2.py3-none-any.whl", hash = "sha256:4b41f3967fce3af57cc7e94b888626c18bf37a083e3651ca8feeb66d492fef35"},
    {file = "ptyprocess-0.7.0.tar.gz", hash = "sha256:5c5d0a3b48ceee0b48485e0c26037c0acd7d29765ca3fbb5cb3831d347423220"},
]

[[package]]
name = "pygments"
version = "2.3.1"
description = "Pygments is a syntax highlighting package written in Python."
optional = false
python-versions = "*"
groups = ["main"]
files = [
    {file = "Pygments-2.3.1-py2.py3-none-any.whl", hash = "sha256:e8218dd399a61674745138520d0d4cf2621d7e032439341bc3f647bff125818d"},
    {file = "Pygments-2.3.1.tar.gz", hash = "sha256:5ffada19f6203563680669ee7f53b64dabbeb100eb51b61996085e99c03b284a"},
]

[[package]]
name = "scandir"
version = "1.10.0"
description = "scandir, a better directory iterator and faster os.walk()"
optional = false
python-versions = "*"
groups = ["main"]
markers = "python_version == \"2.7\""
files = [
    {file = "scandir-1.10.0-cp27-cp27m-win32.whl", hash = "sha256:92c85ac42f41ffdc35b6da57ed991575bdbe69db895507af88b9f499b701c188"},
    {file = "scandir-1.10.0-cp27-cp27m-win_amd64.whl", hash = "sha256:cb925555f43060a1745d0a321cca94bcea927c50114b623d73179189a4e100ac"},
    {file = "scandir-1.10.0-cp34-cp34m-win32.whl", hash = "sha256:2c712840c2e2ee8dfaf36034080108d30060d759c7b73a01a52251cc8989f11f"},
    {file = "scandir-1.10.0-cp34-cp34m-win_amd64.whl", hash = "sha256:2586c94e907d99617887daed6c1d102b5ca28f1085f90446554abf1faf73123e"},
    {file = "scandir-1.10.0-cp35-cp35m-win32.whl", hash = "sha256:2b8e3888b11abb2217a32af0766bc06b65cc4a928d8727828ee68af5a967fa6f"},
    {file = "scandir-1.10.0-cp35-cp35m-win_amd64.whl", hash = "sha256:8c5922863e44ffc00c5c693190648daa6d15e7c1207ed02d6f46a8dcc2869d32"},
    {file = "scandir-1.10.0-cp36-cp36m-win32.whl", hash = "sha256:2ae41f43797ca0c11591c0c35f2f5875fa99f8797cb1a1fd440497ec0ae4b022"},
    {file = "scandir-1.10.0-cp36-cp36m-win_amd64.whl", hash = "sha256:7d2d7a06a252764061a020407b997dd036f7bd6a175a5ba2b345f0a357f0b3f4"},
    {file = "scandir-1.10.0-cp37-cp37m-win32.whl", hash = "sha256:67f15b6f83e6507fdc6fca22fedf6ef8b334b399ca27c6b568cbfaa82a364173"},
    {file = "scandir-1.10.0-cp37-cp37m-win_amd64.whl", hash = "sha256:b24086f2375c4a094a6b51e78b4cf7ca16c721dcee2eddd7aa6494b42d6d519d"},
    {file = "scandir-1.10.0.tar.gz", hash = "sha256:4d4631f6062e658e9007ab3149a9b914f3548cb38bfb021c64f39a025ce578ae"},
]

[[package]]
name = "setuptools"
version = "43.0.0"
description = "Easily download, build, install, upgrade, and uninstall Python packages"
optional = false
python-versions = "!=3.0.*,!=3.1.*,!=3.2.*,!=3.3.*,>=2.7"
groups = ["main"]
files = [
    {file = "setuptools-43.0.0-py2.py3-none-any.whl", hash = "sha256:a67faa51519ef28cd8261aff0e221b6e4c370f8fb8bada8aa3e7ad8945199963"},
    {file = "setuptools-43.0.0.zip", hash = "sha256:db45ebb4a4b3b95ff0aca3ce5fe1e820ce17be393caf8902c78aa36240e8c378"},
]

[package.extras]
certs = ["certifi (==2016.9.26)"]
ssl = ["wincertstore (==0.2) ; sys_platform == \"win32\""]

[[package]]
name = "simplegeneric"
version = "0.8.1"
description = "Simple generic functions (similar to Python's own len(), pickle.dump(), etc.)"
optional = false
python-versions = "*"
groups = ["main"]
files = [
    {file = "simplegeneric-0.8.1.zip", hash = "sha256:dc972e06094b9af5b855b3df4a646395e43d1c9d0d39ed345b7393560d0b9173"},
]

[[package]]
name = "six"
version = "1.17.0"
description = "Python 2 and 3 compatibility utilities"
optional = false
python-versions = "!=3.0.*,!=3.1.*,!=3.2.*,>=2.7"
groups = ["main"]
files = [
    {file = "six-1.17.0-py2.py3-none-any.whl", hash = "sha256:4721f391ed90541fddacab5acf947aa0d3dc7d27b2e1e8eda2be8970586c3274"},
    {file = "six-1.17.0.tar.gz", hash = "sha256:ff70335d468e7eb6ec65b95b99d3a2836546063f63acc5171de367e834932a81"},
]

[[package]]
name = "traitlets"
version = "4.3.3"
description = "Traitlets Python config system"
optional = false
python-versions = "*"
groups = ["main"]
files = [
    {file = "traitlets-4.3.3-py2.py3-none-any.whl", hash = "sha256:70b4c6a1d9019d7b4f6846832288f86998aa3b9207c6821f3578a6a6a467fe44"},
    {file = "traitlets-4.3.3.tar.gz", hash = "sha256:d023ee369ddd2763310e4c3eae1ff649689440d4ae59d7485eb4cfbbe3e359f7"},
]

[package.dependencies]
decorator = "*"
enum34 = {version = "*", markers = "python_version == \"2.7\""}
ipython-genutils = "*"
six = "*"

[package.extras]
test = ["mock ; python_version == \"2.7\"", "pytest"]

[[package]]
name = "typing"
version = "3.10.0.0"
description = "Type Hints for Python"
optional = false
python-versions = ">=2.7, !=3.0.*, !=3.1.*, !=3.2.*, !=3.3.*, <3.5"
groups = ["main"]
markers = "python_version == \"2.7\""
files = [
    {file = "typing-3.10.0.0-py2-none-any.whl", hash = "sha256:c7219ef20c5fbf413b4567092adfc46fa6203cb8454eda33c3fc1afe1398a308"},
    {file = "typing-3.10.0.0-py3-none-any.whl", hash = "sha256:12fbdfbe7d6cca1a42e485229afcb0b0c8259258cfb919b8a5e2a5c953742f89"},
    {file = "typing-3.10.0.0.tar.gz", hash = "sha256:13b4ad211f54ddbf93e5901a9967b1e07720c1d1b78d596ac6a439641aa1b130"},
]

[[package]]
name = "wcwidth"
version = "0.2.13"
description = "Measures the displayed width of unicode strings in a terminal"
optional = false
python-versions = "*"
groups = ["main"]
files = [
    {file = "wcwidth-0.2.13-py2.py3-none-any.whl", hash = "sha256:3da69048e4540d84af32131829ff948f1e022c1c6bdb8d6102117aac784f6859"},
    {file = "wcwidth-0.2.13.tar.gz", hash = "sha256:72ea0c06399eb286d978fdedb6923a9eb47e1c486ce63e9b4e64fc18303972b5"},
]

[package.dependencies]
"backports.functools-lru-cache" = {version = ">=1.2.1", markers = "python_version < \"3.2\""}

[[package]]
name = "win-unicode-console"
version = "0.5"
description = "Enable Unicode input and display when running Python from Windows console."
optional = false
python-versions = "*"
groups = ["main"]
markers = "sys_platform == \"win32\" and python_version < \"3.6\""
files = [
    {file = "win_unicode_console-0.5.zip", hash = "sha256:d4142d4d56d46f449d6f00536a73625a871cba040f0bc1a2e305a04578f07d1e"},
]

[[package]]
name = "yarl"
version = "0.18.0"
description = "Yet another URL library"
optional = false
python-versions = "*"
groups = ["main"]
files = [
    {file = "yarl-0.18.0-cp34-cp34m-manylinux1_i686.whl", hash = "sha256:beeefbe0edd47fc8b657bf7bf44791f7a6e5b14f3de1846daf999687cb68c156"},
    {file = "yarl-0.18.0-cp34-cp34m-manylinux1_x86_64.whl", hash = "sha256:885e40812ff9fc80e6f28ef04ad6396e3ae583ab504b1a76301fdcec7fc9f30f"},
    {file = "yarl-0.18.0-cp34-cp34m-win32.whl", hash = "sha256:fe0390a29b5c7e90975feefe863e3d3a851be546bd797b23f338d24a15efa920"},
    {file = "yarl-0.18.0-cp34-cp34m-win_amd64.whl", hash = "sha256:e1da2853a92fbc7e2d0248bbfa931cd621121e70ce6dda7c1eeef3516d51b46c"},
    {file = "yarl-0.18.0-cp35-cp35m-manylinux1_i686.whl", hash = "sha256:d07d3dc6849345b7437dc58ea49ad2a1960017386d86288550728ca38e482ddc"},
    {file = "yarl-0.18.0-cp35-cp35m-manylinux1_x86_64.whl", hash = "sha256:cf6a3d6fd3e79d3457d520c12d5d18b030d5ca5d0b205ca6481857804d8d944d"},
    {file = "yarl-0.18.0-cp35-cp35m-win32.whl", hash = "sha256:837d866a70f1ea03005914a740bddea89a253afabd6589db981b91738768bd25"},
    {file = "yarl-0.18.0-cp35-cp35m-win_amd64.whl", hash = "sha256:d81e45bedefccb97e4e8f7d32cfae0af1d9eadd1ae795fc420c8319c3dab2a28"},
    {file = "yarl-0.18.0-cp36-cp36m-manylinux1_i686.whl", hash = "sha256:605480ee43eead69ec8e8c52cdfefc79cef6379cc0e87d908cf290408c1e49af"},
    {file = "yarl-0.18.0-cp36-cp36m-manylinux1_x86_64.whl", hash = "sha256:f1201de3e93fb1efc3111c8928d9366875edefd65d77c0f6b847fe299e8e1122"},
    {file = "yarl-0.18.0-cp36-cp36m-win32.whl", hash = "sha256:a5457e075eab1170141774a8c69906c223ea0088eaebd6ef91b04b33527fa905"},
    {file = "yarl-0.18.0-cp36-cp36m-win_amd64.whl", hash = "sha256:7fad2530cb4ddf2b74c1e4f6f9f0e28eac482094c6542f98fd71ecf67fb4fded"},
    {file = "yarl-0.18.0.tar.gz", hash = "sha256:baa0d3f7982fa0c03a55433109c405e79a597141f2e2d6ee7e16c03eabd74886"},
]

[package.dependencies]
idna = ">=2.0"
multidict = ">=2.0"

[metadata]
lock-version = "2.1"
python-versions = "*"
content-hash = "b81efd6418b2812c2fc70e35ef6732786308a7a6aad82e9d4b1c91f6e3f60006"
